
Microsoft Visual Studio Solution File, Format Version 12.00
# Visual Studio Version 16
VisualStudioVersion = 16.0.31410.357
MinimumVisualStudioVersion = 10.0.40219.1
Project("{FAE04EC0-301F-11D3-BF4B-00C04F79EFBC}") = "CSH.Zachet", "CSH.Zachet.csproj", "{9FF78BB8-581F-40CA-BDEA-D5FEF1B57A1A}"
EndProject
Global
	GlobalSection(SolutionConfigurationPlatforms) = preSolution
		Debug|Any CPU = Debug|Any CPU
		Release|Any CPU = Release|Any CPU
	EndGlobalSection
	GlobalSection(ProjectConfigurationPlatforms) = postSolution
		{9FF78BB8-581F-40CA-BDEA-D5FEF1B57A1A}.Debug|Any CPU.ActiveCfg = Debug|Any CPU
		{9FF78BB8-581F-40CA-BDEA-D5FEF1B57A1A}.Debug|Any CPU.Build.0 = Debug|Any CPU
		{9FF78BB8-581F-40CA-BDEA-D5FEF1B57A1A}.Release|Any CPU.ActiveCfg = Release|Any CPU
		{9FF78BB8-581F-40CA-BDEA-D5FEF1B57A1A}.Release|Any CPU.Build.0 = Release|Any CPU
	EndGlobalSection
	GlobalSection(SolutionProperties) = preSolution
		HideSolutionNode = FALSE
	EndGlobalSection
	GlobalSection(ExtensibilityGlobals) = postSolution
		SolutionGuid = {F0ED4EAE-8702-43E0-80AA-43C2CBABFC41}
	EndGlobalSection
EndGlobal
