
Microsoft Visual Studio Solution File, Format Version 12.00
# Visual Studio Version 16
VisualStudioVersion = 16.0.31410.357
MinimumVisualStudioVersion = 10.0.40219.1
Project("{FAE04EC0-301F-11D3-BF4B-00C04F79EFBC}") = "SavingDataSetXml", "SavingDataSetXml.csproj", "{447940FF-B07F-42BC-9B64-1D318F5EAEF5}"
EndProject
Global
	GlobalSection(SolutionConfigurationPlatforms) = preSolution
		Debug|Any CPU = Debug|Any CPU
		Release|Any CPU = Release|Any CPU
	EndGlobalSection
	GlobalSection(ProjectConfigurationPlatforms) = postSolution
		{447940FF-B07F-42BC-9B64-1D318F5EAEF5}.Debug|Any CPU.ActiveCfg = Debug|Any CPU
		{447940FF-B07F-42BC-9B64-1D318F5EAEF5}.Debug|Any CPU.Build.0 = Debug|Any CPU
		{447940FF-B07F-42BC-9B64-1D318F5EAEF5}.Release|Any CPU.ActiveCfg = Release|Any CPU
		{447940FF-B07F-42BC-9B64-1D318F5EAEF5}.Release|Any CPU.Build.0 = Release|Any CPU
	EndGlobalSection
	GlobalSection(SolutionProperties) = preSolution
		HideSolutionNode = FALSE
	EndGlobalSection
	GlobalSection(ExtensibilityGlobals) = postSolution
		SolutionGuid = {EF2BABC7-B28E-4588-B601-54CD2A368338}
	EndGlobalSection
EndGlobal
