
Microsoft Visual Studio Solution File, Format Version 12.00
# Visual Studio Version 16
VisualStudioVersion = 16.0.31410.357
MinimumVisualStudioVersion = 10.0.40219.1
Project("{FAE04EC0-301F-11D3-BF4B-00C04F79EFBC}") = "CreatingDataTable", "CreatingDataTable.csproj", "{30B6D54A-6A16-4164-9527-319A290AD87A}"
EndProject
Global
	GlobalSection(SolutionConfigurationPlatforms) = preSolution
		Debug|Any CPU = Debug|Any CPU
		Release|Any CPU = Release|Any CPU
	EndGlobalSection
	GlobalSection(ProjectConfigurationPlatforms) = postSolution
		{30B6D54A-6A16-4164-9527-319A290AD87A}.Debug|Any CPU.ActiveCfg = Debug|Any CPU
		{30B6D54A-6A16-4164-9527-319A290AD87A}.Debug|Any CPU.Build.0 = Debug|Any CPU
		{30B6D54A-6A16-4164-9527-319A290AD87A}.Release|Any CPU.ActiveCfg = Release|Any CPU
		{30B6D54A-6A16-4164-9527-319A290AD87A}.Release|Any CPU.Build.0 = Release|Any CPU
	EndGlobalSection
	GlobalSection(SolutionProperties) = preSolution
		HideSolutionNode = FALSE
	EndGlobalSection
	GlobalSection(ExtensibilityGlobals) = postSolution
		SolutionGuid = {911E4643-5ACF-4D68-8DE2-9CF73FCA236B}
	EndGlobalSection
EndGlobal
