
Microsoft Visual Studio Solution File, Format Version 12.00
# Visual Studio Version 16
VisualStudioVersion = 16.0.31410.357
MinimumVisualStudioVersion = 10.0.40219.1
Project("{FAE04EC0-301F-11D3-BF4B-00C04F79EFBC}") = "Linq_student_var1", "Linq_student_var1.csproj", "{60989546-CB8A-4D45-A28F-21F595E7E1E5}"
EndProject
Global
	GlobalSection(SolutionConfigurationPlatforms) = preSolution
		Debug|Any CPU = Debug|Any CPU
		Release|Any CPU = Release|Any CPU
	EndGlobalSection
	GlobalSection(ProjectConfigurationPlatforms) = postSolution
		{60989546-CB8A-4D45-A28F-21F595E7E1E5}.Debug|Any CPU.ActiveCfg = Debug|Any CPU
		{60989546-CB8A-4D45-A28F-21F595E7E1E5}.Debug|Any CPU.Build.0 = Debug|Any CPU
		{60989546-CB8A-4D45-A28F-21F595E7E1E5}.Release|Any CPU.ActiveCfg = Release|Any CPU
		{60989546-CB8A-4D45-A28F-21F595E7E1E5}.Release|Any CPU.Build.0 = Release|Any CPU
	EndGlobalSection
	GlobalSection(SolutionProperties) = preSolution
		HideSolutionNode = FALSE
	EndGlobalSection
	GlobalSection(ExtensibilityGlobals) = postSolution
		SolutionGuid = {70F9368B-D5BE-4B7C-8781-621E0ACCBC17}
	EndGlobalSection
EndGlobal
